
Microsoft Visual Studio Solution File, Format Version 12.00
# Visual Studio Version 16
VisualStudioVersion = 16.0.30804.86
MinimumVisualStudioVersion = 10.0.40219.1
Project("{FAE04EC0-301F-11D3-BF4B-00C04F79EFBC}") = "Important", "Important\Important.csproj", "{2A27A554-B72A-4CCD-891E-0CF52DCA9ADC}"
EndProject
Project("{FAE04EC0-301F-11D3-BF4B-00C04F79EFBC}") = "Classes", "Classes\Classes.csproj", "{EAD78AA2-7140-4D95-B1FF-A65C0E2F1698}"
EndProject
Global
	GlobalSection(SolutionConfigurationPlatforms) = preSolution
		Debug|Any CPU = Debug|Any CPU
		Release|Any CPU = Release|Any CPU
	EndGlobalSection
	GlobalSection(ProjectConfigurationPlatforms) = postSolution
		{2A27A554-B72A-4CCD-891E-0CF52DCA9ADC}.Debug|Any CPU.ActiveCfg = Debug|Any CPU
		{2A27A554-B72A-4CCD-891E-0CF52DCA9ADC}.Debug|Any CPU.Build.0 = Debug|Any CPU
		{2A27A554-B72A-4CCD-891E-0CF52DCA9ADC}.Release|Any CPU.ActiveCfg = Release|Any CPU
		{2A27A554-B72A-4CCD-891E-0CF52DCA9ADC}.Release|Any CPU.Build.0 = Release|Any CPU
		{EAD78AA2-7140-4D95-B1FF-A65C0E2F1698}.Debug|Any CPU.ActiveCfg = Debug|Any CPU
		{EAD78AA2-7140-4D95-B1FF-A65C0E2F1698}.Debug|Any CPU.Build.0 = Debug|Any CPU
		{EAD78AA2-7140-4D95-B1FF-A65C0E2F1698}.Release|Any CPU.ActiveCfg = Release|Any CPU
		{EAD78AA2-7140-4D95-B1FF-A65C0E2F1698}.Release|Any CPU.Build.0 = Release|Any CPU
	EndGlobalSection
	GlobalSection(SolutionProperties) = preSolution
		HideSolutionNode = FALSE
	EndGlobalSection
	GlobalSection(ExtensibilityGlobals) = postSolution
		SolutionGuid = {D0402DA9-0FAB-47F2-BE1B-38D241D09D50}
	EndGlobalSection
EndGlobal
